{
  "version": 4,
  "terraform_version": "1.1.7",
  "serial": 3,
  "lineage": "20d83839-0cc4-02da-d19c-3b1f2e463527",
  "outputs": {},
  "resources": [
    {
      "mode": "data",
      "type": "archive_file",
      "name": "lambda_upc",
      "provider": "provider[\"registry.terraform.io/hashicorp/archive\"]",
      "instances": [
        {
          "schema_version": 0,
          "attributes": {
            "exclude_symlink_directories": null,
            "excludes": null,
            "id": "806b8cc09b4ece70dac7cd190a8e9d0369dcd303",
            "output_base64sha256": "zNmT1xuZkZmFKXuiHEL5GkonkOOzItgZu1KqXMnNeZA=",
            "output_base64sha512": "6uW2jyIJqVACbKt7fhw3sTDcvrEQt8blWTWPQo+D9evGVaBmUinSIzU4sKxwwMJzjqQAqsYKpKQwwUmy/jN5KA==",
            "output_file_mode": null,
            "output_md5": "1c656733853c74412fc1ecf378e3c3dd",
            "output_path": "./upc-lambda.zip",
            "output_sha": "806b8cc09b4ece70dac7cd190a8e9d0369dcd303",
            "output_sha256": "ccd993d71b99919985297ba21c42f91a4a2790e3b322d819bb52aa5cc9cd7990",
            "output_sha512": "eae5b68f2209a950026cab7b7e1c37b130dcbeb110b7c6e559358f428f83f5ebc655a0665229d2233538b0ac70c0c2738ea400aac60aa4a430c149b2fe337928",
            "output_size": 1260,
            "source": [],
            "source_content": null,
            "source_content_filename": null,
            "source_dir": "./../server/",
            "source_file": null,
            "type": "zip"
          },
          "sensitive_attributes": []
        }
      ]
    },
    {
      "mode": "managed",
      "type": "aws_s3_bucket",
      "name": "lookbook_bucket",
      "provider": "provider[\"registry.terraform.io/hashicorp/aws\"]",
      "instances": [
        {
          "schema_version": 0,
          "attributes": {
            "acceleration_status": "",
            "acl": null,
            "arn": "arn:aws:s3:::lookbook.wehrly.com",
            "bucket": "lookbook.wehrly.com",
            "bucket_domain_name": "lookbook.wehrly.com.s3.amazonaws.com",
            "bucket_prefix": "",
            "bucket_regional_domain_name": "lookbook.wehrly.com.s3.us-east-1.amazonaws.com",
            "cors_rule": [],
            "force_destroy": null,
            "grant": [
              {
                "id": "0375be2831d510f5a56e4538a24213259bbca3fb66d0750792d5d04a629b21d1",
                "permissions": [
                  "FULL_CONTROL"
                ],
                "type": "CanonicalUser",
                "uri": ""
              }
            ],
            "hosted_zone_id": "Z3AQBSTGFYJSTF",
            "id": "lookbook.wehrly.com",
            "lifecycle_rule": [],
            "logging": [],
            "object_lock_configuration": [],
            "object_lock_enabled": false,
            "policy": "{\"Statement\":[{\"Action\":\"s3:GetObject\",\"Effect\":\"Allow\",\"Principal\":{\"AWS\":\"*\"},\"Resource\":\"arn:aws:s3:::lookbook.wehrly.com/*\",\"Sid\":\"AllowPublicRead\"}],\"Version\":\"2008-10-17\"}",
            "region": "us-east-1",
            "replication_configuration": [],
            "request_payer": "BucketOwner",
            "server_side_encryption_configuration": [
              {
                "rule": [
                  {
                    "apply_server_side_encryption_by_default": [
                      {
                        "kms_master_key_id": "",
                        "sse_algorithm": "AES256"
                      }
                    ],
                    "bucket_key_enabled": false
                  }
                ]
              }
            ],
            "tags": {},
            "tags_all": {},
            "timeouts": null,
            "versioning": [
              {
                "enabled": false,
                "mfa_delete": false
              }
            ],
            "website": [
              {
                "error_document": "",
                "index_document": "index.html",
                "redirect_all_requests_to": "",
                "routing_rules": ""
              }
            ],
            "website_domain": "s3-website-us-east-1.amazonaws.com",
            "website_endpoint": "lookbook.wehrly.com.s3-website-us-east-1.amazonaws.com"
          },
          "sensitive_attributes": [],
          "private": "eyJlMmJmYjczMC1lY2FhLTExZTYtOGY4OC0zNDM2M2JjN2M0YzAiOnsiY3JlYXRlIjoxMjAwMDAwMDAwMDAwLCJkZWxldGUiOjM2MDAwMDAwMDAwMDAsInJlYWQiOjEyMDAwMDAwMDAwMDAsInVwZGF0ZSI6MTIwMDAwMDAwMDAwMH0sInNjaGVtYV92ZXJzaW9uIjoiMCJ9"
        }
      ]
    },
    {
      "mode": "managed",
      "type": "aws_s3_object",
      "name": "lambda_upc",
      "provider": "provider[\"registry.terraform.io/hashicorp/aws\"]",
      "instances": [
        {
          "schema_version": 0,
          "attributes": {
            "acl": null,
            "bucket": "lookbook.wehrly.com",
            "bucket_key_enabled": false,
            "cache_control": "",
            "checksum_algorithm": null,
            "checksum_crc32": "",
            "checksum_crc32c": "",
            "checksum_sha1": "",
            "checksum_sha256": "",
            "content": null,
            "content_base64": null,
            "content_disposition": "",
            "content_encoding": "",
            "content_language": "",
            "content_type": "application/octet-stream",
            "etag": "1c656733853c74412fc1ecf378e3c3dd",
            "force_destroy": false,
            "id": "upc-lambda.zip",
            "key": "upc-lambda.zip",
            "kms_key_id": null,
            "metadata": null,
            "object_lock_legal_hold_status": "",
            "object_lock_mode": "",
            "object_lock_retain_until_date": "",
            "override_provider": [],
            "server_side_encryption": "AES256",
            "source": "./upc-lambda.zip",
            "source_hash": null,
            "storage_class": "STANDARD",
            "tags": null,
            "tags_all": {},
            "version_id": "",
            "website_redirect": ""
          },
          "sensitive_attributes": [],
          "private": "bnVsbA==",
          "dependencies": [
            "aws_s3_bucket.lookbook_bucket",
            "data.archive_file.lambda_upc"
          ]
        }
      ]
    }
  ]
}
